
Microsoft Visual Studio Solution File, Format Version 12.00
# Visual Studio Version 17
VisualStudioVersion = 17.7.34024.191
MinimumVisualStudioVersion = 10.0.40219.1
Project("{FAE04EC0-301F-11D3-BF4B-00C04F79EFBC}") = "premeir projet c", "premeir projet c\premeir projet c.csproj", "{C1CB1783-0994-4FA5-BDF0-89CF059790B9}"
EndProject
Global
	GlobalSection(SolutionConfigurationPlatforms) = preSolution
		Debug|Any CPU = Debug|Any CPU
		Release|Any CPU = Release|Any CPU
	EndGlobalSection
	GlobalSection(ProjectConfigurationPlatforms) = postSolution
		{C1CB1783-0994-4FA5-BDF0-89CF059790B9}.Debug|Any CPU.ActiveCfg = Debug|Any CPU
		{C1CB1783-0994-4FA5-BDF0-89CF059790B9}.Debug|Any CPU.Build.0 = Debug|Any CPU
		{C1CB1783-0994-4FA5-BDF0-89CF059790B9}.Release|Any CPU.ActiveCfg = Release|Any CPU
		{C1CB1783-0994-4FA5-BDF0-89CF059790B9}.Release|Any CPU.Build.0 = Release|Any CPU
	EndGlobalSection
	GlobalSection(SolutionProperties) = preSolution
		HideSolutionNode = FALSE
	EndGlobalSection
	GlobalSection(ExtensibilityGlobals) = postSolution
		SolutionGuid = {7F9388D8-DAE7-42CF-BEF6-DE2D6E08CC83}
	EndGlobalSection
EndGlobal
